
Microsoft Visual Studio Solution File, Format Version 12.00
# Visual Studio Version 16
VisualStudioVersion = 16.0.29009.5
MinimumVisualStudioVersion = 10.0.40219.1
Project("{2150E333-8FDC-42A3-9474-1A3956D46DE8}") = "src", "src", "{D5EA6FD1-4372-4D08-89F4-A47A81DAB2B7}"
EndProject
Project("{9A19103F-16F7-4668-BE54-9A1E7A4F7556}") = "Clipboard", "src\Clipboard\Clipboard.csproj", "{8D23AE93-67BE-4011-905E-63B5BDFDE8A1}"
EndProject
Project("{9A19103F-16F7-4668-BE54-9A1E7A4F7556}") = "Clipboard.Pdf", "src\Clipboard.Pdf\Clipboard.Pdf.csproj", "{7397B3F7-A339-48FF-ACEE-FA491248E0EB}"
EndProject
Project("{9A19103F-16F7-4668-BE54-9A1E7A4F7556}") = "Clipboard.IFilter", "src\Clipboard.IFilter\Clipboard.IFilter.csproj", "{363FE0CE-96D6-45A7-AA50-A7FCDE564CB5}"
EndProject
Project("{9A19103F-16F7-4668-BE54-9A1E7A4F7556}") = "Clipboard.Abstraction", "src\Clipboard.Abstraction\Clipboard.Abstraction.csproj", "{D0AFFD1F-B660-4A77-8590-753E80FDC217}"
EndProject
Project("{9A19103F-16F7-4668-BE54-9A1E7A4F7556}") = "Clipboard.OpenXml", "src\Clipboard.OpenXml\Clipboard.OpenXml.csproj", "{28B85526-14D9-49DE-9A8F-C457A7A030FC}"
EndProject
Project("{2150E333-8FDC-42A3-9474-1A3956D46DE8}") = "tests", "tests", "{5F828F12-732E-4C4A-91F4-D252041C7DD2}"
EndProject
Project("{2150E333-8FDC-42A3-9474-1A3956D46DE8}") = "samples", "samples", "{B518ED6C-555D-4580-A45A-DE9DC45A3784}"
EndProject
Project("{9A19103F-16F7-4668-BE54-9A1E7A4F7556}") = "Clipboard.Tests.Pdf", "tests\Clipboard.Tests.Pdf\Clipboard.Tests.Pdf.csproj", "{05353993-A5FD-4FCE-A99E-912D5F088BCF}"
EndProject
Project("{9A19103F-16F7-4668-BE54-9A1E7A4F7556}") = "Clipboard.Tests.Word", "tests\Clipboard.Tests.Word\Clipboard.Tests.Word.csproj", "{A59E65D7-47BB-4645-BDF5-0A9717F52769}"
EndProject
Project("{9A19103F-16F7-4668-BE54-9A1E7A4F7556}") = "Clipboard.Tests.Powerpoint", "tests\Clipboard.Tests.Powerpoint\Clipboard.Tests.Powerpoint.csproj", "{0DDC8A4C-9142-4F6F-8015-68214B95CAB8}"
EndProject
Project("{9A19103F-16F7-4668-BE54-9A1E7A4F7556}") = "Clipboard.Tests.Excel", "tests\Clipboard.Tests.Excel\Clipboard.Tests.Excel.csproj", "{319EDB6E-E65F-4E6F-B9D2-97C0A6502101}"
EndProject
Project("{9A19103F-16F7-4668-BE54-9A1E7A4F7556}") = "Clipboard.Tests.Text", "tests\Clipboard.Tests.Text\Clipboard.Tests.Text.csproj", "{33EC2BD8-A4FA-4B99-88C0-1B6504DFC3DA}"
EndProject
Project("{9A19103F-16F7-4668-BE54-9A1E7A4F7556}") = "Clipboard.Tests.Infrastructure", "tests\Clipboard.Tests.Infrastructure\Clipboard.Tests.Infrastructure.csproj", "{08FBBD35-0599-4665-ABEF-581D9D2A2E26}"
EndProject
Project("{9A19103F-16F7-4668-BE54-9A1E7A4F7556}") = "Clipboard.Text", "src\Clipboard.Text\Clipboard.Text.csproj", "{43DDBF0C-0DAB-40F2-92F5-F597ED5E280E}"
EndProject
Project("{2150E333-8FDC-42A3-9474-1A3956D46DE8}") = "Solution Items", "Solution Items", "{259F9EF3-7862-4686-8A62-3D823A0FF697}"
	ProjectSection(SolutionItems) = preProject
		.editorconfig = .editorconfig
		.gitignore = .gitignore
		.travis.yml = .travis.yml
		azure-pipelines.yml = azure-pipelines.yml
		LICENSE = LICENSE
		README.md = README.md
	EndProjectSection
EndProject
Project("{FAE04EC0-301F-11D3-BF4B-00C04F79EFBC}") = "QuickStart", "samples\QuickStart\QuickStart.csproj", "{D5201725-53B4-4397-8D83-D8F85AA79347}"
EndProject
Global
	GlobalSection(SolutionConfigurationPlatforms) = preSolution
		Debug|Any CPU = Debug|Any CPU
		Release|Any CPU = Release|Any CPU
	EndGlobalSection
	GlobalSection(ProjectConfigurationPlatforms) = postSolution
		{8D23AE93-67BE-4011-905E-63B5BDFDE8A1}.Debug|Any CPU.ActiveCfg = Debug|Any CPU
		{8D23AE93-67BE-4011-905E-63B5BDFDE8A1}.Debug|Any CPU.Build.0 = Debug|Any CPU
		{8D23AE93-67BE-4011-905E-63B5BDFDE8A1}.Release|Any CPU.ActiveCfg = Release|Any CPU
		{8D23AE93-67BE-4011-905E-63B5BDFDE8A1}.Release|Any CPU.Build.0 = Release|Any CPU
		{7397B3F7-A339-48FF-ACEE-FA491248E0EB}.Debug|Any CPU.ActiveCfg = Debug|Any CPU
		{7397B3F7-A339-48FF-ACEE-FA491248E0EB}.Debug|Any CPU.Build.0 = Debug|Any CPU
		{7397B3F7-A339-48FF-ACEE-FA491248E0EB}.Release|Any CPU.ActiveCfg = Release|Any CPU
		{7397B3F7-A339-48FF-ACEE-FA491248E0EB}.Release|Any CPU.Build.0 = Release|Any CPU
		{363FE0CE-96D6-45A7-AA50-A7FCDE564CB5}.Debug|Any CPU.ActiveCfg = Debug|Any CPU
		{363FE0CE-96D6-45A7-AA50-A7FCDE564CB5}.Debug|Any CPU.Build.0 = Debug|Any CPU
		{363FE0CE-96D6-45A7-AA50-A7FCDE564CB5}.Release|Any CPU.ActiveCfg = Release|Any CPU
		{363FE0CE-96D6-45A7-AA50-A7FCDE564CB5}.Release|Any CPU.Build.0 = Release|Any CPU
		{D0AFFD1F-B660-4A77-8590-753E80FDC217}.Debug|Any CPU.ActiveCfg = Debug|Any CPU
		{D0AFFD1F-B660-4A77-8590-753E80FDC217}.Debug|Any CPU.Build.0 = Debug|Any CPU
		{D0AFFD1F-B660-4A77-8590-753E80FDC217}.Release|Any CPU.ActiveCfg = Release|Any CPU
		{D0AFFD1F-B660-4A77-8590-753E80FDC217}.Release|Any CPU.Build.0 = Release|Any CPU
		{28B85526-14D9-49DE-9A8F-C457A7A030FC}.Debug|Any CPU.ActiveCfg = Debug|Any CPU
		{28B85526-14D9-49DE-9A8F-C457A7A030FC}.Debug|Any CPU.Build.0 = Debug|Any CPU
		{28B85526-14D9-49DE-9A8F-C457A7A030FC}.Release|Any CPU.ActiveCfg = Release|Any CPU
		{28B85526-14D9-49DE-9A8F-C457A7A030FC}.Release|Any CPU.Build.0 = Release|Any CPU
		{05353993-A5FD-4FCE-A99E-912D5F088BCF}.Debug|Any CPU.ActiveCfg = Debug|Any CPU
		{05353993-A5FD-4FCE-A99E-912D5F088BCF}.Debug|Any CPU.Build.0 = Debug|Any CPU
		{05353993-A5FD-4FCE-A99E-912D5F088BCF}.Release|Any CPU.ActiveCfg = Release|Any CPU
		{05353993-A5FD-4FCE-A99E-912D5F088BCF}.Release|Any CPU.Build.0 = Release|Any CPU
		{A59E65D7-47BB-4645-BDF5-0A9717F52769}.Debug|Any CPU.ActiveCfg = Debug|Any CPU
		{A59E65D7-47BB-4645-BDF5-0A9717F52769}.Debug|Any CPU.Build.0 = Debug|Any CPU
		{A59E65D7-47BB-4645-BDF5-0A9717F52769}.Release|Any CPU.ActiveCfg = Release|Any CPU
		{A59E65D7-47BB-4645-BDF5-0A9717F52769}.Release|Any CPU.Build.0 = Release|Any CPU
		{0DDC8A4C-9142-4F6F-8015-68214B95CAB8}.Debug|Any CPU.ActiveCfg = Debug|Any CPU
		{0DDC8A4C-9142-4F6F-8015-68214B95CAB8}.Debug|Any CPU.Build.0 = Debug|Any CPU
		{0DDC8A4C-9142-4F6F-8015-68214B95CAB8}.Release|Any CPU.ActiveCfg = Release|Any CPU
		{0DDC8A4C-9142-4F6F-8015-68214B95CAB8}.Release|Any CPU.Build.0 = Release|Any CPU
		{319EDB6E-E65F-4E6F-B9D2-97C0A6502101}.Debug|Any CPU.ActiveCfg = Debug|Any CPU
		{319EDB6E-E65F-4E6F-B9D2-97C0A6502101}.Debug|Any CPU.Build.0 = Debug|Any CPU
		{319EDB6E-E65F-4E6F-B9D2-97C0A6502101}.Release|Any CPU.ActiveCfg = Release|Any CPU
		{319EDB6E-E65F-4E6F-B9D2-97C0A6502101}.Release|Any CPU.Build.0 = Release|Any CPU
		{33EC2BD8-A4FA-4B99-88C0-1B6504DFC3DA}.Debug|Any CPU.ActiveCfg = Debug|Any CPU
		{33EC2BD8-A4FA-4B99-88C0-1B6504DFC3DA}.Debug|Any CPU.Build.0 = Debug|Any CPU
		{33EC2BD8-A4FA-4B99-88C0-1B6504DFC3DA}.Release|Any CPU.ActiveCfg = Release|Any CPU
		{33EC2BD8-A4FA-4B99-88C0-1B6504DFC3DA}.Release|Any CPU.Build.0 = Release|Any CPU
		{08FBBD35-0599-4665-ABEF-581D9D2A2E26}.Debug|Any CPU.ActiveCfg = Debug|Any CPU
		{08FBBD35-0599-4665-ABEF-581D9D2A2E26}.Debug|Any CPU.Build.0 = Debug|Any CPU
		{08FBBD35-0599-4665-ABEF-581D9D2A2E26}.Release|Any CPU.ActiveCfg = Release|Any CPU
		{08FBBD35-0599-4665-ABEF-581D9D2A2E26}.Release|Any CPU.Build.0 = Release|Any CPU
		{43DDBF0C-0DAB-40F2-92F5-F597ED5E280E}.Debug|Any CPU.ActiveCfg = Debug|Any CPU
		{43DDBF0C-0DAB-40F2-92F5-F597ED5E280E}.Debug|Any CPU.Build.0 = Debug|Any CPU
		{43DDBF0C-0DAB-40F2-92F5-F597ED5E280E}.Release|Any CPU.ActiveCfg = Release|Any CPU
		{43DDBF0C-0DAB-40F2-92F5-F597ED5E280E}.Release|Any CPU.Build.0 = Release|Any CPU
		{D5201725-53B4-4397-8D83-D8F85AA79347}.Debug|Any CPU.ActiveCfg = Debug|Any CPU
		{D5201725-53B4-4397-8D83-D8F85AA79347}.Debug|Any CPU.Build.0 = Debug|Any CPU
		{D5201725-53B4-4397-8D83-D8F85AA79347}.Release|Any CPU.ActiveCfg = Release|Any CPU
		{D5201725-53B4-4397-8D83-D8F85AA79347}.Release|Any CPU.Build.0 = Release|Any CPU
	EndGlobalSection
	GlobalSection(SolutionProperties) = preSolution
		HideSolutionNode = FALSE
	EndGlobalSection
	GlobalSection(NestedProjects) = preSolution
		{8D23AE93-67BE-4011-905E-63B5BDFDE8A1} = {D5EA6FD1-4372-4D08-89F4-A47A81DAB2B7}
		{7397B3F7-A339-48FF-ACEE-FA491248E0EB} = {D5EA6FD1-4372-4D08-89F4-A47A81DAB2B7}
		{363FE0CE-96D6-45A7-AA50-A7FCDE564CB5} = {D5EA6FD1-4372-4D08-89F4-A47A81DAB2B7}
		{D0AFFD1F-B660-4A77-8590-753E80FDC217} = {D5EA6FD1-4372-4D08-89F4-A47A81DAB2B7}
		{28B85526-14D9-49DE-9A8F-C457A7A030FC} = {D5EA6FD1-4372-4D08-89F4-A47A81DAB2B7}
		{05353993-A5FD-4FCE-A99E-912D5F088BCF} = {5F828F12-732E-4C4A-91F4-D252041C7DD2}
		{A59E65D7-47BB-4645-BDF5-0A9717F52769} = {5F828F12-732E-4C4A-91F4-D252041C7DD2}
		{0DDC8A4C-9142-4F6F-8015-68214B95CAB8} = {5F828F12-732E-4C4A-91F4-D252041C7DD2}
		{319EDB6E-E65F-4E6F-B9D2-97C0A6502101} = {5F828F12-732E-4C4A-91F4-D252041C7DD2}
		{33EC2BD8-A4FA-4B99-88C0-1B6504DFC3DA} = {5F828F12-732E-4C4A-91F4-D252041C7DD2}
		{08FBBD35-0599-4665-ABEF-581D9D2A2E26} = {5F828F12-732E-4C4A-91F4-D252041C7DD2}
		{43DDBF0C-0DAB-40F2-92F5-F597ED5E280E} = {D5EA6FD1-4372-4D08-89F4-A47A81DAB2B7}
		{D5201725-53B4-4397-8D83-D8F85AA79347} = {B518ED6C-555D-4580-A45A-DE9DC45A3784}
	EndGlobalSection
	GlobalSection(ExtensibilityGlobals) = postSolution
		SolutionGuid = {2181E6B1-B6DA-4079-9F04-E5B73B182D0C}
	EndGlobalSection
EndGlobal
